// !$*UTF8*$!
{
	archiveVersion = 1;
	classes = {
	};
	objectVersion = 77;
	objects = {

/* Begin PBXContainerItemProxy section */
		04159B2A301AA91D00A0397A /* PBXContainerItemProxy */ = {
			isa = PBXContainerItemProxy;
			containerPortal = 04159B14301AA91C00A0397A /* Project object */;
			proxyType = 1;
			remoteGlobalIDString = 04159B1B301AA91C00A0397A;
			remoteInfo = "Meeting Watcher";
		};
		04159B34301AA91D00A0397A /* PBXContainerItemProxy */ = {
			isa = PBXContainerItemProxy;
			containerPortal = 04159B14301AA91C00A0397A /* Project object */;
			proxyType = 1;
			remoteGlobalIDString = 04159B1B301AA91C00A0397A;
			remoteInfo = "Meeting Watcher";
		};
/* End PBXContainerItemProxy section */

/* Begin PBXFileReference section */
		AABBCCDDEEFF001122334455 /* Secrets.xcconfig */ = {isa = PBXFileReference; lastKnownFileType = text.xcconfig; path = Secrets.xcconfig; sourceTree = "<group>"; };
		AABBCCDDEEFF001122334456 /* com.tommanley.Meeting-Watcher.plist */ = {isa = PBXFileReference; lastKnownFileType = text.plist.xml; path = "com.tommanley.Meeting-Watcher.plist"; sourceTree = "<group>"; };
		04159B1C301AA91C00A0397A /* Meeting Watcher.app */ = {isa = PBXFileReference; explicitFileType = wrapper.application; includeInIndex = 0; path = "Meeting Watcher.app"; sourceTree = BUILT_PRODUCTS_DIR; };
		04159B29301AA91D00A0397A /* Meeting WatcherTests.xctest */ = {isa = PBXFileReference; explicitFileType = wrapper.cfbundle; includeInIndex = 0; path = "Meeting WatcherTests.xctest"; sourceTree = BUILT_PRODUCTS_DIR; };
		04159B33301AA91D00A0397A /* Meeting WatcherUITests.xctest */ = {isa = PBXFileReference; explicitFileType = wrapper.cfbundle; includeInIndex = 0; path = "Meeting WatcherUITests.xctest"; sourceTree = BUILT_PRODUCTS_DIR; };
/* End PBXFileReference section */

/* Begin PBXBuildFile section */
		AABBCCDDEEFF001122334457 /* com.tommanley.Meeting-Watcher.plist in Embed LaunchAgent plist */ = {isa = PBXBuildFile; fileRef = AABBCCDDEEFF001122334456 /* com.tommanley.Meeting-Watcher.plist */; };
/* End PBXBuildFile section */

/* Begin PBXFileSystemSynchronizedBuildFileExceptionSet section */
		04159B46301AA91D00A0397A /* PBXFileSystemSynchronizedBuildFileExceptionSet */ = {
			isa = PBXFileSystemSynchronizedBuildFileExceptionSet;
			membershipExceptions = (
				Info.plist,
			);
			target = 04159B1B301AA91C00A0397A /* Meeting Watcher */;
		};
/* End PBXFileSystemSynchronizedBuildFileExceptionSet section */

/* Begin PBXFileSystemSynchronizedRootGroup section */
		04159B1E301AA91C00A0397A /* Meeting Watcher */ = {
			isa = PBXFileSystemSynchronizedRootGroup;
			exceptions = (
				04159B46301AA91D00A0397A /* PBXFileSystemSynchronizedBuildFileExceptionSet */,
			);
			path = "Meeting Watcher";
			sourceTree = "<group>";
		};
		04159B2C301AA91D00A0397A /* Meeting WatcherTests */ = {
			isa = PBXFileSystemSynchronizedRootGroup;
			path = "Meeting WatcherTests";
			sourceTree = "<group>";
		};
		04159B36301AA91D00A0397A /* Meeting WatcherUITests */ = {
			isa = PBXFileSystemSynchronizedRootGroup;
			path = "Meeting WatcherUITests";
			sourceTree = "<group>";
		};
/* End PBXFileSystemSynchronizedRootGroup section */

/* Begin PBXCopyFilesBuildPhase section */
		AABBCCDDEEFF001122334458 /* Embed LaunchAgent plist */ = {
			isa = PBXCopyFilesBuildPhase;
			buildActionMask = 2147483647;
			dstPath = "Contents/Library/LaunchAgents";
			dstSubfolderSpec = 1;
			files = (
				AABBCCDDEEFF001122334457 /* com.tommanley.Meeting-Watcher.plist in Embed LaunchAgent plist */,
			);
			name = "Embed LaunchAgent plist";
			runOnlyForDeploymentPostprocessing = 0;
		};
/* End PBXCopyFilesBuildPhase section */

/* Begin PBXFrameworksBuildPhase section */
		04159B19301AA91C00A0397A /* Frameworks */ = {
			isa = PBXFrameworksBuildPhase;
			buildActionMask = 2147483647;
			files = (
			);
			runOnlyForDeploymentPostprocessing = 0;
		};
		04159B26301AA91D00A0397A /* Frameworks */ = {
			isa = PBXFrameworksBuildPhase;
			buildActionMask = 2147483647;
			files = (
			);
			runOnlyForDeploymentPostprocessing = 0;
		};
		04159B30301AA91D00A0397A /* Frameworks */ = {
			isa = PBXFrameworksBuildPhase;
			buildActionMask = 2147483647;
			files = (
			);
			runOnlyForDeploymentPostprocessing = 0;
		};
/* End PBXFrameworksBuildPhase section */

/* Begin PBXGroup section */
		04159B13301AA91C00A0397A = {
			isa = PBXGroup;
			children = (
				AABBCCDDEEFF001122334455 /* Secrets.xcconfig */,
				AABBCCDDEEFF001122334456 /* com.tommanley.Meeting-Watcher.plist */,
				04159B1E301AA91C00A0397A /* Meeting Watcher */,
				04159B2C301AA91D00A0397A /* Meeting WatcherTests */,
				04159B36301AA91D00A0397A /* Meeting WatcherUITests */,
				04159B1D301AA91C00A0397A /* Products */,
			);
			sourceTree = "<group>";
		};
		04159B1D301AA91C00A0397A /* Products */ = {
			isa = PBXGroup;
			children = (
				04159B1C301AA91C00A0397A /* Meeting Watcher.app */,
				04159B29301AA91D00A0397A /* Meeting WatcherTests.xctest */,
				04159B33301AA91D00A0397A /* Meeting WatcherUITests.xctest */,
			);
			name = Products;
			sourceTree = "<group>";
		};
/* End PBXGroup section */

/* Begin PBXNativeTarget section */
		04159B1B301AA91C00A0397A /* Meeting Watcher */ = {
			isa = PBXNativeTarget;
			buildConfigurationList = 04159B3D301AA91D00A0397A /* Build configuration list for PBXNativeTarget "Meeting Watcher" */;
			buildPhases = (
				04159B18301AA91C00A0397A /* Sources */,
				04159B19301AA91C00A0397A /* Frameworks */,
				04159B1A301AA91C00A0397A /* Resources */,
				AABBCCDDEEFF001122334458 /* Embed LaunchAgent plist */,
			);
			buildRules = (
			);
			dependencies = (
			);
			fileSystemSynchronizedGroups = (
				04159B1E301AA91C00A0397A /* Meeting Watcher */,
			);
			name = "Meeting Watcher";
			packageProductDependencies = (
			);
			productName = "Meeting Watcher";
			productReference = 04159B1C301AA91C00A0397A /* Meeting Watcher.app */;
			productType = "com.apple.product-type.application";
		};
		04159B28301AA91D00A0397A /* Meeting WatcherTests */ = {
			isa = PBXNativeTarget;
			buildConfigurationList = 04159B40301AA91D00A0397A /* Build configuration list for PBXNativeTarget "Meeting WatcherTests" */;
			buildPhases = (
				04159B25301AA91D00A0397A /* Sources */,
				04159B26301AA91D00A0397A /* Frameworks */,
				04159B27301AA91D00A0397A /* Resources */,
			);
			buildRules = (
			);
			dependencies = (
				04159B2B301AA91D00A0397A /* PBXTargetDependency */,
			);
			fileSystemSynchronizedGroups = (
				04159B2C301AA91D00A0397A /* Meeting WatcherTests */,
			);
			name = "Meeting WatcherTests";
			packageProductDependencies = (
			);
			productName = "Meeting WatcherTests";
			productReference = 04159B29301AA91D00A0397A /* Meeting WatcherTests.xctest */;
			productType = "com.apple.product-type.bundle.unit-test";
		};
		04159B32301AA91D00A0397A /* Meeting WatcherUITests */ = {
			isa = PBXNativeTarget;
			buildConfigurationList = 04159B43301AA91D00A0397A /* Build configuration list for PBXNativeTarget "Meeting WatcherUITests" */;
			buildPhases = (
				04159B2F301AA91D00A0397A /* Sources */,
				04159B30301AA91D00A0397A /* Frameworks */,
				04159B31301AA91D00A0397A /* Resources */,
			);
			buildRules = (
			);
			dependencies = (
				04159B35301AA91D00A0397A /* PBXTargetDependency */,
			);
			fileSystemSynchronizedGroups = (
				04159B36301AA91D00A0397A /* Meeting WatcherUITests */,
			);
			name = "Meeting WatcherUITests";
			packageProductDependencies = (
			);
			productName = "Meeting WatcherUITests";
			productReference = 04159B33301AA91D00A0397A /* Meeting WatcherUITests.xctest */;
			productType = "com.apple.product-type.bundle.ui-testing";
		};
/* End PBXNativeTarget section */

/* Begin PBXProject section */
		04159B14301AA91C00A0397A /* Project object */ = {
			isa = PBXProject;
			attributes = {
				BuildIndependentTargetsInParallel = 1;
				LastSwiftUpdateCheck = 2660;
				LastUpgradeCheck = 2660;
				TargetAttributes = {
					04159B1B301AA91C00A0397A = {
						CreatedOnToolsVersion = 26.6;
					};
					04159B28301AA91D00A0397A = {
						CreatedOnToolsVersion = 26.6;
						TestTargetID = 04159B1B301AA91C00A0397A;
					};
					04159B32301AA91D00A0397A = {
						CreatedOnToolsVersion = 26.6;
						TestTargetID = 04159B1B301AA91C00A0397A;
					};
				};
			};
			buildConfigurationList = 04159B17301AA91C00A0397A /* Build configuration list for PBXProject "Meeting Watcher" */;
			developmentRegion = en;
			hasScannedForEncodings = 0;
			knownRegions = (
				en,
				Base,
			);
			mainGroup = 04159B13301AA91C00A0397A;
			minimizedProjectReferenceProxies = 1;
			preferredProjectObjectVersion = 77;
			productRefGroup = 04159B1D301AA91C00A0397A /* Products */;
			projectDirPath = "";
			projectRoot = "";
			targets = (
				04159B1B301AA91C00A0397A /* Meeting Watcher */,
				04159B28301AA91D00A0397A /* Meeting WatcherTests */,
				04159B32301AA91D00A0397A /* Meeting WatcherUITests */,
			);
		};
/* End PBXProject section */

/* Begin PBXResourcesBuildPhase section */
		04159B1A301AA91C00A0397A /* Resources */ = {
			isa = PBXResourcesBuildPhase;
			buildActionMask = 2147483647;
			files = (
			);
			runOnlyForDeploymentPostprocessing = 0;
		};
		04159B27301AA91D00A0397A /* Resources */ = {
			isa = PBXResourcesBuildPhase;
			buildActionMask = 2147483647;
			files = (
			);
			runOnlyForDeploymentPostprocessing = 0;
		};
		04159B31301AA91D00A0397A /* Resources */ = {
			isa = PBXResourcesBuildPhase;
			buildActionMask = 2147483647;
			files = (
			);
			runOnlyForDeploymentPostprocessing = 0;
		};
/* End PBXResourcesBuildPhase section */

/* Begin PBXSourcesBuildPhase section */
		04159B18301AA91C00A0397A /* Sources */ = {
			isa = PBXSourcesBuildPhase;
			buildActionMask = 2147483647;
			files = (
			);
			runOnlyForDeploymentPostprocessing = 0;
		};
		04159B25301AA91D00A0397A /* Sources */ = {
			isa = PBXSourcesBuildPhase;
			buildActionMask = 2147483647;
			files = (
			);
			runOnlyForDeploymentPostprocessing = 0;
		};
		04159B2F301AA91D00A0397A /* Sources */ = {
			isa = PBXSourcesBuildPhase;
			buildActionMask = 2147483647;
			files = (
			);
			runOnlyForDeploymentPostprocessing = 0;
		};
/* End PBXSourcesBuildPhase section */

/* Begin PBXTargetDependency section */
		04159B2B301AA91D00A0397A /* PBXTargetDependency */ = {
			isa = PBXTargetDependency;
			target = 04159B1B301AA91C00A0397A /* Meeting Watcher */;
			targetProxy = 04159B2A301AA91D00A0397A /* PBXContainerItemProxy */;
		};
		04159B35301AA91D00A0397A /* PBXTargetDependency */ = {
			isa = PBXTargetDependency;
			target = 04159B1B301AA91C00A0397A /* Meeting Watcher */;
			targetProxy = 04159B34301AA91D00A0397A /* PBXContainerItemProxy */;
		};
/* End PBXTargetDependency section */

/* Begin XCBuildConfiguration section */
		04159B3B301AA91D00A0397A /* Debug */ = {
			isa = XCBuildConfiguration;
			buildSettings = {
				ALWAYS_SEARCH_USER_PATHS = NO;
				ASSETCATALOG_COMPILER_GENERATE_SWIFT_ASSET_SYMBOL_EXTENSIONS = YES;
				CLANG_ANALYZER_NONNULL = YES;
				CLANG_ANALYZER_NUMBER_OBJECT_CONVERSION = YES_AGGRESSIVE;
				CLANG_CXX_LANGUAGE_STANDARD = "gnu++20";
				CLANG_ENABLE_MODULES = YES;
				CLANG_ENABLE_OBJC_ARC = YES;
				CLANG_ENABLE_OBJC_WEAK = YES;
				CLANG_WARN_BLOCK_CAPTURE_AUTORELEASING = YES;
				CLANG_WARN_BOOL_CONVERSION = YES;
				CLANG_WARN_COMMA = YES;
				CLANG_WARN_CONSTANT_CONVERSION = YES;
				CLANG_WARN_DEPRECATED_OBJC_IMPLEMENTATIONS = YES;
				CLANG_WARN_DIRECT_OBJC_ISA_USAGE = YES_ERROR;
				CLANG_WARN_DOCUMENTATION_COMMENTS = YES;
				CLANG_WARN_EMPTY_BODY = YES;
				CLANG_WARN_ENUM_CONVERSION = YES;
				CLANG_WARN_INFINITE_RECURSION = YES;
				CLANG_WARN_INT_CONVERSION = YES;
				CLANG_WARN_NON_LITERAL_NULL_CONVERSION = YES;
				CLANG_WARN_OBJC_IMPLICIT_RETAIN_SELF = YES;
				CLANG_WARN_OBJC_LITERAL_CONVERSION = YES;
				CLANG_WARN_OBJC_ROOT_CLASS = YES_ERROR;
				CLANG_WARN_QUOTED_INCLUDE_IN_FRAMEWORK_HEADER = YES;
				CLANG_WARN_RANGE_LOOP_ANALYSIS = YES;
				CLANG_WARN_STRICT_PROTOTYPES = YES;
				CLANG_WARN_SUSPICIOUS_MOVE = YES;
				CLANG_WARN_UNGUARDED_AVAILABILITY = YES_AGGRESSIVE;
				CLANG_WARN_UNREACHABLE_CODE = YES;
				CLANG_WARN__DUPLICATE_METHOD_MATCH = YES;
				COPY_PHASE_STRIP = NO;
				DEBUG_INFORMATION_FORMAT = dwarf;
				DEVELOPMENT_TEAM = 2W9C7LAG8T;
				ENABLE_STRICT_OBJC_MSGSEND = YES;
				ENABLE_TESTABILITY = YES;
				ENABLE_USER_SCRIPT_SANDBOXING = YES;
				GCC_C_LANGUAGE_STANDARD = gnu17;
				GCC_DYNAMIC_NO_PIC = NO;
				GCC_NO_COMMON_BLOCKS = YES;
				GCC_OPTIMIZATION_LEVEL = 0;
				GCC_PREPROCESSOR_DEFINITIONS = (
					"DEBUG=1",
					"$(inherited)",
				);
				GCC_WARN_64_TO_32_BIT_CONVERSION = YES;
				GCC_WARN_ABOUT_RETURN_TYPE = YES_ERROR;
				GCC_WARN_UNDECLARED_SELECTOR = YES;
				GCC_WARN_UNINITIALIZED_AUTOS = YES_AGGRESSIVE;
				GCC_WARN_UNUSED_FUNCTION = YES;
				GCC_WARN_UNUSED_VARIABLE = YES;
				LOCALIZATION_PREFERS_STRING_CATALOGS = YES;
				MACOSX_DEPLOYMENT_TARGET = 26.4;
				MTL_ENABLE_DEBUG_INFO = INCLUDE_SOURCE;
				MTL_FAST_MATH = YES;
				ONLY_ACTIVE_ARCH = YES;
				SDKROOT = macosx;
				SWIFT_ACTIVE_COMPILATION_CONDITIONS = "DEBUG $(inherited)";
				SWIFT_OPTIMIZATION_LEVEL = "-Onone";
			};
			name = Debug;
		};
		04159B3C301AA91D00A0397A /* Release */ = {
			isa = XCBuildConfiguration;
			buildSettings = {
				ALWAYS_SEARCH_USER_PATHS = NO;
				ASSETCATALOG_COMPILER_GENERATE_SWIFT_ASSET_SYMBOL_EXTENSIONS = YES;
				CLANG_ANALYZER_NONNULL = YES;
				CLANG_ANALYZER_NUMBER_OBJECT_CONVERSION = YES_AGGRESSIVE;
				CLANG_CXX_LANGUAGE_STANDARD = "gnu++20";
				CLANG_ENABLE_MODULES = YES;
				CLANG_ENABLE_OBJC_ARC = YES;
				CLANG_ENABLE_OBJC_WEAK = YES;
				CLANG_WARN_BLOCK_CAPTURE_AUTORELEASING = YES;
				CLANG_WARN_BOOL_CONVERSION = YES;
				CLANG_WARN_COMMA = YES;
				CLANG_WARN_CONSTANT_CONVERSION = YES;
				CLANG_WARN_DEPRECATED_OBJC_IMPLEMENTATIONS = YES;
				CLANG_WARN_DIRECT_OBJC_ISA_USAGE = YES_ERROR;
				CLANG_WARN_DOCUMENTATION_COMMENTS = YES;
				CLANG_WARN_EMPTY_BODY = YES;
				CLANG_WARN_ENUM_CONVERSION = YES;
				CLANG_WARN_INFINITE_RECURSION = YES;
				CLANG_WARN_INT_CONVERSION = YES;
				CLANG_WARN_NON_LITERAL_NULL_CONVERSION = YES;
				CLANG_WARN_OBJC_IMPLICIT_RETAIN_SELF = YES;
				CLANG_WARN_OBJC_LITERAL_CONVERSION = YES;
				CLANG_WARN_OBJC_ROOT_CLASS = YES_ERROR;
				CLANG_WARN_QUOTED_INCLUDE_IN_FRAMEWORK_HEADER = YES;
				CLANG_WARN_RANGE_LOOP_ANALYSIS = YES;
				CLANG_WARN_STRICT_PROTOTYPES = YES;
				CLANG_WARN_SUSPICIOUS_MOVE = YES;
				CLANG_WARN_UNGUARDED_AVAILABILITY = YES_AGGRESSIVE;
				CLANG_WARN_UNREACHABLE_CODE = YES;
				CLANG_WARN__DUPLICATE_METHOD_MATCH = YES;
				COPY_PHASE_STRIP = NO;
				DEBUG_INFORMATION_FORMAT = "dwarf-with-dsym";
				DEVELOPMENT_TEAM = 2W9C7LAG8T;
				ENABLE_NS_ASSERTIONS = NO;
				ENABLE_STRICT_OBJC_MSGSEND = YES;
				ENABLE_USER_SCRIPT_SANDBOXING = YES;
				GCC_C_LANGUAGE_STANDARD = gnu17;
				GCC_NO_COMMON_BLOCKS = YES;
				GCC_WARN_64_TO_32_BIT_CONVERSION = YES;
				GCC_WARN_ABOUT_RETURN_TYPE = YES_ERROR;
				GCC_WARN_UNDECLARED_SELECTOR = YES;
				GCC_WARN_UNINITIALIZED_AUTOS = YES_AGGRESSIVE;
				GCC_WARN_UNUSED_FUNCTION = YES;
				GCC_WARN_UNUSED_VARIABLE = YES;
				LOCALIZATION_PREFERS_STRING_CATALOGS = YES;
				MACOSX_DEPLOYMENT_TARGET = 26.4;
				MTL_ENABLE_DEBUG_INFO = NO;
				MTL_FAST_MATH = YES;
				SDKROOT = macosx;
				SWIFT_COMPILATION_MODE = wholemodule;
			};
			name = Release;
		};
		04159B3E301AA91D00A0397A /* Debug */ = {
			isa = XCBuildConfiguration;
			baseConfigurationReference = AABBCCDDEEFF001122334455 /* Secrets.xcconfig */;
			buildSettings = {
				ASSETCATALOG_COMPILER_APPICON_NAME = AppIcon;
				ASSETCATALOG_COMPILER_GLOBAL_ACCENT_COLOR_NAME = AccentColor;
				CODE_SIGN_STYLE = Automatic;
				COMBINE_HIDPI_IMAGES = YES;
				CURRENT_PROJECT_VERSION = 1;
				DEVELOPMENT_TEAM = 2W9C7LAG8T;
				ENABLE_APP_SANDBOX = NO;
				ENABLE_HARDENED_RUNTIME = YES;
				ENABLE_PREVIEWS = YES;
				ENABLE_USER_SELECTED_FILES = readonly;
				GENERATE_INFOPLIST_FILE = NO;
				INFOPLIST_FILE = "Meeting Watcher/Info.plist";
				LD_RUNPATH_SEARCH_PATHS = (
					"$(inherited)",
					"@executable_path/../Frameworks",
				);
				MARKETING_VERSION = 1.6;
				PRODUCT_BUNDLE_IDENTIFIER = "com.tommanley.Meeting-Watcher";
				PRODUCT_NAME = "$(TARGET_NAME)";
				REGISTER_APP_GROUPS = YES;
				STRING_CATALOG_GENERATE_SYMBOLS = YES;
				SWIFT_APPROACHABLE_CONCURRENCY = YES;
				SWIFT_DEFAULT_ACTOR_ISOLATION = MainActor;
				SWIFT_EMIT_LOC_STRINGS = YES;
				SWIFT_UPCOMING_FEATURE_MEMBER_IMPORT_VISIBILITY = YES;
				SWIFT_VERSION = 5.0;
			};
			name = Debug;
		};
		04159B3F301AA91D00A0397A /* Release */ = {
			isa = XCBuildConfiguration;
			baseConfigurationReference = AABBCCDDEEFF001122334455 /* Secrets.xcconfig */;
			buildSettings = {
				ASSETCATALOG_COMPILER_APPICON_NAME = AppIcon;
				ASSETCATALOG_COMPILER_GLOBAL_ACCENT_COLOR_NAME = AccentColor;
				CODE_SIGN_STYLE = Automatic;
				COMBINE_HIDPI_IMAGES = YES;
				CURRENT_PROJECT_VERSION = 1;
				DEVELOPMENT_TEAM = 2W9C7LAG8T;
				ENABLE_APP_SANDBOX = NO;
				ENABLE_HARDENED_RUNTIME = YES;
				ENABLE_PREVIEWS = YES;
				ENABLE_USER_SELECTED_FILES = readonly;
				GENERATE_INFOPLIST_FILE = NO;
				INFOPLIST_FILE = "Meeting Watcher/Info.plist";
				LD_RUNPATH_SEARCH_PATHS = (
					"$(inherited)",
					"@executable_path/../Frameworks",
				);
				MARKETING_VERSION = 1.6;
				PRODUCT_BUNDLE_IDENTIFIER = "com.tommanley.Meeting-Watcher";
				PRODUCT_NAME = "$(TARGET_NAME)";
				REGISTER_APP_GROUPS = YES;
				STRING_CATALOG_GENERATE_SYMBOLS = YES;
				SWIFT_APPROACHABLE_CONCURRENCY = YES;
				SWIFT_DEFAULT_ACTOR_ISOLATION = MainActor;
				SWIFT_EMIT_LOC_STRINGS = YES;
				SWIFT_UPCOMING_FEATURE_MEMBER_IMPORT_VISIBILITY = YES;
				SWIFT_VERSION = 5.0;
			};
			name = Release;
		};
		04159B41301AA91D00A0397A /* Debug */ = {
			isa = XCBuildConfiguration;
			buildSettings = {
				BUNDLE_LOADER = "$(TEST_HOST)";
				CODE_SIGN_STYLE = Automatic;
				CURRENT_PROJECT_VERSION = 1;
				DEVELOPMENT_TEAM = 2W9C7LAG8T;
				GENERATE_INFOPLIST_FILE = YES;
				MACOSX_DEPLOYMENT_TARGET = 26.4;
				MARKETING_VERSION = 1.0;
				PRODUCT_BUNDLE_IDENTIFIER = "com.tommanley.Meeting-WatcherTests";
				PRODUCT_NAME = "$(TARGET_NAME)";
				STRING_CATALOG_GENERATE_SYMBOLS = NO;
				SWIFT_APPROACHABLE_CONCURRENCY = YES;
				SWIFT_EMIT_LOC_STRINGS = NO;
				SWIFT_UPCOMING_FEATURE_MEMBER_IMPORT_VISIBILITY = YES;
				SWIFT_VERSION = 5.0;
				TEST_HOST = "$(BUILT_PRODUCTS_DIR)/Meeting Watcher.app/$(BUNDLE_EXECUTABLE_FOLDER_PATH)/Meeting Watcher";
			};
			name = Debug;
		};
		04159B42301AA91D00A0397A /* Release */ = {
			isa = XCBuildConfiguration;
			buildSettings = {
				BUNDLE_LOADER = "$(TEST_HOST)";
				CODE_SIGN_STYLE = Automatic;
				CURRENT_PROJECT_VERSION = 1;
				DEVELOPMENT_TEAM = 2W9C7LAG8T;
				GENERATE_INFOPLIST_FILE = YES;
				MACOSX_DEPLOYMENT_TARGET = 26.4;
				MARKETING_VERSION = 1.0;
				PRODUCT_BUNDLE_IDENTIFIER = "com.tommanley.Meeting-WatcherTests";
				PRODUCT_NAME = "$(TARGET_NAME)";
				STRING_CATALOG_GENERATE_SYMBOLS = NO;
				SWIFT_APPROACHABLE_CONCURRENCY = YES;
				SWIFT_EMIT_LOC_STRINGS = NO;
				SWIFT_UPCOMING_FEATURE_MEMBER_IMPORT_VISIBILITY = YES;
				SWIFT_VERSION = 5.0;
				TEST_HOST = "$(BUILT_PRODUCTS_DIR)/Meeting Watcher.app/$(BUNDLE_EXECUTABLE_FOLDER_PATH)/Meeting Watcher";
			};
			name = Release;
		};
		04159B44301AA91D00A0397A /* Debug */ = {
			isa = XCBuildConfiguration;
			buildSettings = {
				CODE_SIGN_STYLE = Automatic;
				CURRENT_PROJECT_VERSION = 1;
				DEVELOPMENT_TEAM = 2W9C7LAG8T;
				GENERATE_INFOPLIST_FILE = YES;
				MARKETING_VERSION = 1.0;
				PRODUCT_BUNDLE_IDENTIFIER = "com.tommanley.Meeting-WatcherUITests";
				PRODUCT_NAME = "$(TARGET_NAME)";
				STRING_CATALOG_GENERATE_SYMBOLS = NO;
				SWIFT_APPROACHABLE_CONCURRENCY = YES;
				SWIFT_EMIT_LOC_STRINGS = NO;
				SWIFT_UPCOMING_FEATURE_MEMBER_IMPORT_VISIBILITY = YES;
				SWIFT_VERSION = 5.0;
				TEST_TARGET_NAME = "Meeting Watcher";
			};
			name = Debug;
		};
		04159B45301AA91D00A0397A /* Release */ = {
			isa = XCBuildConfiguration;
			buildSettings = {
				CODE_SIGN_STYLE = Automatic;
				CURRENT_PROJECT_VERSION = 1;
				DEVELOPMENT_TEAM = 2W9C7LAG8T;
				GENERATE_INFOPLIST_FILE = YES;
				MARKETING_VERSION = 1.0;
				PRODUCT_BUNDLE_IDENTIFIER = "com.tommanley.Meeting-WatcherUITests";
				PRODUCT_NAME = "$(TARGET_NAME)";
				STRING_CATALOG_GENERATE_SYMBOLS = NO;
				SWIFT_APPROACHABLE_CONCURRENCY = YES;
				SWIFT_EMIT_LOC_STRINGS = NO;
				SWIFT_UPCOMING_FEATURE_MEMBER_IMPORT_VISIBILITY = YES;
				SWIFT_VERSION = 5.0;
				TEST_TARGET_NAME = "Meeting Watcher";
			};
			name = Release;
		};
/* End XCBuildConfiguration section */

/* Begin XCConfigurationList section */
		04159B17301AA91C00A0397A /* Build configuration list for PBXProject "Meeting Watcher" */ = {
			isa = XCConfigurationList;
			buildConfigurations = (
				04159B3B301AA91D00A0397A /* Debug */,
				04159B3C301AA91D00A0397A /* Release */,
			);
			defaultConfigurationIsVisible = 0;
			defaultConfigurationName = Release;
		};
		04159B3D301AA91D00A0397A /* Build configuration list for PBXNativeTarget "Meeting Watcher" */ = {
			isa = XCConfigurationList;
			buildConfigurations = (
				04159B3E301AA91D00A0397A /* Debug */,
				04159B3F301AA91D00A0397A /* Release */,
			);
			defaultConfigurationIsVisible = 0;
			defaultConfigurationName = Release;
		};
		04159B40301AA91D00A0397A /* Build configuration list for PBXNativeTarget "Meeting WatcherTests" */ = {
			isa = XCConfigurationList;
			buildConfigurations = (
				04159B41301AA91D00A0397A /* Debug */,
				04159B42301AA91D00A0397A /* Release */,
			);
			defaultConfigurationIsVisible = 0;
			defaultConfigurationName = Release;
		};
		04159B43301AA91D00A0397A /* Build configuration list for PBXNativeTarget "Meeting WatcherUITests" */ = {
			isa = XCConfigurationList;
			buildConfigurations = (
				04159B44301AA91D00A0397A /* Debug */,
				04159B45301AA91D00A0397A /* Release */,
			);
			defaultConfigurationIsVisible = 0;
			defaultConfigurationName = Release;
		};
/* End XCConfigurationList section */
	};
	rootObject = 04159B14301AA91C00A0397A /* Project object */;
}
